// !$*UTF8*$!
{
	archiveVersion = 1;
	classes = {
	};
	objectVersion = 46;
	objects = {

/* Begin PBXBuildFile section */
		4B93D580148969B4007C938E /* UIKit.framework in Frameworks */ = {isa = PBXBuildFile; fileRef = 4B93D57F148969B4007C938E /* UIKit.framework */; };
		4B93D582148969B4007C938E /* Foundation.framework in Frameworks */ = {isa = PBXBuildFile; fileRef = 4B93D581148969B4007C938E /* Foundation.framework */; };
		4B93D584148969B4007C938E /* CoreGraphics.framework in Frameworks */ = {isa = PBXBuildFile; fileRef = 4B93D583148969B4007C938E /* CoreGraphics.framework */; };
		4B93D58A148969B4007C938E /* InfoPlist.strings in Resources */ = {isa = PBXBuildFile; fileRef = 4B93D588148969B4007C938E /* InfoPlist.strings */; };
		4B93D58C148969B4007C938E /* main.m in Sources */ = {isa = PBXBuildFile; fileRef = 4B93D58B148969B4007C938E /* main.m */; };
		4B93D590148969B4007C938E /* AppDelegate.m in Sources */ = {isa = PBXBuildFile; fileRef = 4B93D58F148969B4007C938E /* AppDelegate.m */; };
		4B93D593148969B4007C938E /* RootViewController.m in Sources */ = {isa = PBXBuildFile; fileRef = 4B93D592148969B4007C938E /* RootViewController.m */; };
		4B93D596148969B4007C938E /* DataViewController.m in Sources */ = {isa = PBXBuildFile; fileRef = 4B93D595148969B4007C938E /* DataViewController.m */; };
		4B93D599148969B4007C938E /* ModelController.m in Sources */ = {isa = PBXBuildFile; fileRef = 4B93D598148969B4007C938E /* ModelController.m */; };
		4B93D59C148969B4007C938E /* MainStoryboard_iPhone.storyboard in Resources */ = {isa = PBXBuildFile; fileRef = 4B93D59A148969B4007C938E /* MainStoryboard_iPhone.storyboard */; };
		4B93D59F148969B4007C938E /* MainStoryboard_iPad.storyboard in Resources */ = {isa = PBXBuildFile; fileRef = 4B93D59D148969B4007C938E /* MainStoryboard_iPad.storyboard */; };
/* End PBXBuildFile section */

/* Begin PBXFileReference section */
		4B93D57B148969B4007C938E /* HelloWorld.app */ = {isa = PBXFileReference; explicitFileType = wrapper.application; includeInIndex = 0; path = HelloWorld.app; sourceTree = BUILT_PRODUCTS_DIR; };
		4B93D57F148969B4007C938E /* UIKit.framework */ = {isa = PBXFileReference; lastKnownFileType = wrapper.framework; name = UIKit.framework; path = System/Library/Frameworks/UIKit.framework; sourceTree = SDKROOT; };
		4B93D581148969B4007C938E /* Foundation.framework */ = {isa = PBXFileReference; lastKnownFileType = wrapper.framework; name = Foundation.framework; path = System/Library/Frameworks/Foundation.framework; sourceTree = SDKROOT; };
		4B93D583148969B4007C938E /* CoreGraphics.framework */ = {isa = PBXFileReference; lastKnownFileType = wrapper.framework; name = CoreGraphics.framework; path = System/Library/Frameworks/CoreGraphics.framework; sourceTree = SDKROOT; };
		4B93D587148969B4007C938E /* HelloWorld-Info.plist */ = {isa = PBXFileReference; path = "HelloWorld-Info.plist"; sourceTree = "<group>"; };
		4B93D589148969B4007C938E /* en */ = {isa = PBXFileReference; lastKnownFileType = text.plist.strings; name = en; path = en.lproj/InfoPlist.strings; sourceTree = "<group>"; };
		4B93D58B148969B4007C938E /* main.m */ = {isa = PBXFileReference; lastKnownFileType = sourcecode.c.objc; path = main.m; sourceTree = "<group>"; };
		4B93D58D148969B4007C938E /* HelloWorld-Prefix.pch */ = {isa = PBXFileReference; path = "HelloWorld-Prefix.pch"; sourceTree = "<group>"; };
		4B93D58E148969B4007C938E /* AppDelegate.h */ = {isa = PBXFileReference; path = AppDelegate.h; sourceTree = "<group>"; };
		4B93D58F148969B4007C938E /* AppDelegate.m */ = {isa = PBXFileReference; lastKnownFileType = sourcecode.c.objc; path = AppDelegate.m; sourceTree = "<group>"; };
		4B93D591148969B4007C938E /* RootViewController.h */ = {isa = PBXFileReference; path = RootViewController.h; sourceTree = "<group>"; };
		4B93D592148969B4007C938E /* RootViewController.m */ = {isa = PBXFileReference; lastKnownFileType = sourcecode.c.objc; path = RootViewController.m; sourceTree = "<group>"; };
		4B93D594148969B4007C938E /* DataViewController.h */ = {isa = PBXFileReference; path = DataViewController.h; sourceTree = "<group>"; };
		4B93D595148969B4007C938E /* DataViewController.m */ = {isa = PBXFileReference; lastKnownFileType = sourcecode.c.objc; path = DataViewController.m; sourceTree = "<group>"; };
		4B93D597148969B4007C938E /* ModelController.h */ = {isa = PBXFileReference; path = ModelController.h; sourceTree = "<group>"; };
		4B93D598148969B4007C938E /* ModelController.m */ = {isa = PBXFileReference; lastKnownFileType = sourcecode.c.objc; path = ModelController.m; sourceTree = "<group>"; };
		4B93D59B148969B4007C938E /* en */ = {isa = PBXFileReference; lastKnownFileType = file.storyboard; name = en; path = en.lproj/MainStoryboard_iPhone.storyboard; sourceTree = "<group>"; };
		4B93D59E148969B4007C938E /* en */ = {isa = PBXFileReference; lastKnownFileType = file.storyboard; name = en; path = en.lproj/MainStoryboard_iPad.storyboard; sourceTree = "<group>"; };
/* End PBXFileReference section */

/* Begin PBXFrameworksBuildPhase section */
		4B93D578148969B4007C938E /* Frameworks */ = {
			isa = PBXFrameworksBuildPhase;
			buildActionMask = 2147483647;
			files = (
				4B93D580148969B4007C938E /* UIKit.framework in Frameworks */,
				4B93D582148969B4007C938E /* Foundation.framework in Frameworks */,
				4B93D584148969B4007C938E /* CoreGraphics.framework in Frameworks */,
			);
			runOnlyForDeploymentPostprocessing = 0;
		};
/* End PBXFrameworksBuildPhase section */

/* Begin PBXGroup section */
		4B93D570148969B4007C938E = {
			isa = PBXGroup;
			children = (
				4B93D585148969B4007C938E /* HelloWorld */,
				4B93D57E148969B4007C938E /* Frameworks */,
				4B93D57C148969B4007C938E /* Products */,
			);
			sourceTree = "<group>";
		};
		4B93D57C148969B4007C938E /* Products */ = {
			isa = PBXGroup;
			children = (
				4B93D57B148969B4007C938E /* HelloWorld.app */,
			);
			name = Products;
			sourceTree = "<group>";
		};
		4B93D57E148969B4007C938E /* Frameworks */ = {
			isa = PBXGroup;
			children = (
				4B93D57F148969B4007C938E /* UIKit.framework */,
				4B93D581148969B4007C938E /* Foundation.framework */,
				4B93D583148969B4007C938E /* CoreGraphics.framework */,
			);
			name = Frameworks;
			sourceTree = "<group>";
		};
		4B93D585148969B4007C938E /* HelloWorld */ = {
			isa = PBXGroup;
			children = (
				4B93D58E148969B4007C938E /* AppDelegate.h */,
				4B93D58F148969B4007C938E /* AppDelegate.m */,
				4B93D591148969B4007C938E /* RootViewController.h */,
				4B93D592148969B4007C938E /* RootViewController.m */,
				4B93D594148969B4007C938E /* DataViewController.h */,
				4B93D595148969B4007C938E /* DataViewController.m */,
				4B93D597148969B4007C938E /* ModelController.h */,
				4B93D598148969B4007C938E /* ModelController.m */,
				4B93D59A148969B4007C938E /* MainStoryboard_iPhone.storyboard */,
				4B93D59D148969B4007C938E /* MainStoryboard_iPad.storyboard */,
				4B93D586148969B4007C938E /* Supporting Files */,
			);
			path = HelloWorld;
			sourceTree = "<group>";
		};
		4B93D586148969B4007C938E /* Supporting Files */ = {
			isa = PBXGroup;
			children = (
				4B93D587148969B4007C938E /* HelloWorld-Info.plist */,
				4B93D588148969B4007C938E /* InfoPlist.strings */,
				4B93D58B148969B4007C938E /* main.m */,
				4B93D58D148969B4007C938E /* HelloWorld-Prefix.pch */,
			);
			name = "Supporting Files";
			sourceTree = "<group>";
		};
/* End PBXGroup section */

/* Begin PBXNativeTarget section */
		4B93D57A148969B4007C938E /* HelloWorld */ = {
			isa = PBXNativeTarget;
			buildConfigurationList = 4B93D5A2148969B4007C938E /* Build configuration list for PBXNativeTarget "HelloWorld" */;
			buildPhases = (
				4B93D577148969B4007C938E /* Sources */,
				4B93D578148969B4007C938E /* Frameworks */,
				4B93D579148969B4007C938E /* Resources */,
			);
			buildRules = (
			);
			dependencies = (
			);
			name = HelloWorld;
			productName = HelloWorld;
			productReference = 4B93D57B148969B4007C938E /* HelloWorld.app */;
			productType = "com.apple.product-type.application";
		};
/* End PBXNativeTarget section */

/* Begin PBXProject section */
		4B93D572148969B4007C938E /* Project object */ = {
			isa = PBXProject;
			attributes = {
				LastUpgradeCheck = 0420;
			};
			buildConfigurationList = 4B93D575148969B4007C938E /* Build configuration list for PBXProject "HelloWorld" */;
			compatibilityVersion = "Xcode 3.2";
			developmentRegion = English;
			hasScannedForEncodings = 0;
			knownRegions = (
				en,
			);
			mainGroup = 4B93D570148969B4007C938E;
			productRefGroup = 4B93D57C148969B4007C938E /* Products */;
			projectDirPath = "";
			projectRoot = "";
			targets = (
				4B93D57A148969B4007C938E /* HelloWorld */,
			);
		};
/* End PBXProject section */

/* Begin PBXResourcesBuildPhase section */
		4B93D579148969B4007C938E /* Resources */ = {
			isa = PBXResourcesBuildPhase;
			buildActionMask = 2147483647;
			files = (
				4B93D58A148969B4007C938E /* InfoPlist.strings in Resources */,
				4B93D59C148969B4007C938E /* MainStoryboard_iPhone.storyboard in Resources */,
				4B93D59F148969B4007C938E /* MainStoryboard_iPad.storyboard in Resources */,
			);
			runOnlyForDeploymentPostprocessing = 0;
		};
/* End PBXResourcesBuildPhase section */

/* Begin PBXSourcesBuildPhase section */
		4B93D577148969B4007C938E /* Sources */ = {
			isa = PBXSourcesBuildPhase;
			buildActionMask = 2147483647;
			files = (
				4B93D58C148969B4007C938E /* main.m in Sources */,
				4B93D590148969B4007C938E /* AppDelegate.m in Sources */,
				4B93D593148969B4007C938E /* RootViewController.m in Sources */,
				4B93D596148969B4007C938E /* DataViewController.m in Sources */,
				4B93D599148969B4007C938E /* ModelController.m in Sources */,
			);
			runOnlyForDeploymentPostprocessing = 0;
		};
/* End PBXSourcesBuildPhase section */

/* Begin PBXVariantGroup section */
		4B93D588148969B4007C938E /* InfoPlist.strings */ = {
			isa = PBXVariantGroup;
			children = (
				4B93D589148969B4007C938E /* en */,
			);
			name = InfoPlist.strings;
			sourceTree = "<group>";
		};
		4B93D59A148969B4007C938E /* MainStoryboard_iPhone.storyboard */ = {
			isa = PBXVariantGroup;
			children = (
				4B93D59B148969B4007C938E /* en */,
			);
			name = MainStoryboard_iPhone.storyboard;
			sourceTree = "<group>";
		};
		4B93D59D148969B4007C938E /* MainStoryboard_iPad.storyboard */ = {
			isa = PBXVariantGroup;
			children = (
				4B93D59E148969B4007C938E /* en */,
			);
			name = MainStoryboard_iPad.storyboard;
			sourceTree = "<group>";
		};
/* End PBXVariantGroup section */

/* Begin XCBuildConfiguration section */
		4B93D5A0148969B4007C938E /* Debug */ = {
			isa = XCBuildConfiguration;
			buildSettings = {
				ALWAYS_SEARCH_USER_PATHS = NO;
				ARCHS = "$(ARCHS_STANDARD_32_BIT)";
				CLANG_ENABLE_OBJC_ARC = YES;
				"CODE_SIGN_IDENTITY[sdk=iphoneos*]" = "iPhone Developer";
				COPY_PHASE_STRIP = NO;
				GCC_C_LANGUAGE_STANDARD = gnu99;
				GCC_DYNAMIC_NO_PIC = NO;
				GCC_OPTIMIZATION_LEVEL = 0;
				GCC_PREPROCESSOR_DEFINITIONS = (
					"DEBUG=1",
					"$(inherited)",
				);
				GCC_SYMBOLS_PRIVATE_EXTERN = NO;
				GCC_VERSION = com.apple.compilers.llvm.clang.1_0;
				GCC_WARN_ABOUT_MISSING_PROTOTYPES = YES;
				GCC_WARN_ABOUT_RETURN_TYPE = YES;
				GCC_WARN_UNUSED_VARIABLE = YES;
				IPHONEOS_DEPLOYMENT_TARGET = 5.0;
				SDKROOT = iphoneos;
				TARGETED_DEVICE_FAMILY = "1,2";
			};
			name = Debug;
		};
		4B93D5A1148969B4007C938E /* Release */ = {
			isa = XCBuildConfiguration;
			buildSettings = {
				ALWAYS_SEARCH_USER_PATHS = NO;
				ARCHS = "$(ARCHS_STANDARD_32_BIT)";
				CLANG_ENABLE_OBJC_ARC = YES;
				"CODE_SIGN_IDENTITY[sdk=iphoneos*]" = "iPhone Developer";
				COPY_PHASE_STRIP = YES;
				GCC_C_LANGUAGE_STANDARD = gnu99;
				GCC_VERSION = com.apple.compilers.llvm.clang.1_0;
				GCC_WARN_ABOUT_MISSING_PROTOTYPES = YES;
				GCC_WARN_ABOUT_RETURN_TYPE = YES;
				GCC_WARN_UNUSED_VARIABLE = YES;
				IPHONEOS_DEPLOYMENT_TARGET = 5.0;
				OTHER_CFLAGS = "-DNS_BLOCK_ASSERTIONS=1";
				SDKROOT = iphoneos;
				TARGETED_DEVICE_FAMILY = "1,2";
				VALIDATE_PRODUCT = YES;
			};
			name = Release;
		};
		4B93D5A3148969B4007C938E /* Debug */ = {
			isa = XCBuildConfiguration;
			buildSettings = {
				GCC_PRECOMPILE_PREFIX_HEADER = YES;
				GCC_PREFIX_HEADER = "HelloWorld/HelloWorld-Prefix.pch";
				INFOPLIST_FILE = "HelloWorld/HelloWorld-Info.plist";
				PRODUCT_NAME = "$(TARGET_NAME)";
				WRAPPER_EXTENSION = app;
			};
			name = Debug;
		};
		4B93D5A4148969B4007C938E /* Release */ = {
			isa = XCBuildConfiguration;
			buildSettings = {
				GCC_PRECOMPILE_PREFIX_HEADER = YES;
				GCC_PREFIX_HEADER = "HelloWorld/HelloWorld-Prefix.pch";
				INFOPLIST_FILE = "HelloWorld/HelloWorld-Info.plist";
				PRODUCT_NAME = "$(TARGET_NAME)";
				WRAPPER_EXTENSION = app;
			};
			name = Release;
		};
/* End XCBuildConfiguration section */

/* Begin XCConfigurationList section */
		4B93D575148969B4007C938E /* Build configuration list for PBXProject "HelloWorld" */ = {
			isa = XCConfigurationList;
			buildConfigurations = (
				4B93D5A0148969B4007C938E /* Debug */,
				4B93D5A1148969B4007C938E /* Release */,
			);
			defaultConfigurationIsVisible = 0;
			defaultConfigurationName = Release;
		};
		4B93D5A2148969B4007C938E /* Build configuration list for PBXNativeTarget "HelloWorld" */ = {
			isa = XCConfigurationList;
			buildConfigurations = (
				4B93D5A3148969B4007C938E /* Debug */,
				4B93D5A4148969B4007C938E /* Release */,
			);
			defaultConfigurationIsVisible = 0;
		};
/* End XCConfigurationList section */
	};
	rootObject = 4B93D572148969B4007C938E /* Project object */;
}
